
Microsoft Visual Studio Solution File, Format Version 12.00
# Visual Studio 15
VisualStudioVersion = 15.0.28307.329
MinimumVisualStudioVersion = 10.0.40219.1
Project("{9A19103F-16F7-4668-BE54-9A1E7A4F7556}") = "StringCalculator", "StringCalculator\StringCalculator.csproj", "{90345CE5-0BD6-47D5-9287-5F13EE5D79DC}"
EndProject
Project("{9A19103F-16F7-4668-BE54-9A1E7A4F7556}") = "StringCalculator.Tests", "StringCalculator.Tests\StringCalculator.Tests.csproj", "{F5C67CE7-9EE9-4C3B-9857-347186637A9D}"
EndProject
Global
	GlobalSection(SolutionConfigurationPlatforms) = preSolution
		Debug|Any CPU = Debug|Any CPU
		Release|Any CPU = Release|Any CPU
	EndGlobalSection
	GlobalSection(ProjectConfigurationPlatforms) = postSolution
		{90345CE5-0BD6-47D5-9287-5F13EE5D79DC}.Debug|Any CPU.ActiveCfg = Debug|Any CPU
		{90345CE5-0BD6-47D5-9287-5F13EE5D79DC}.Debug|Any CPU.Build.0 = Debug|Any CPU
		{90345CE5-0BD6-47D5-9287-5F13EE5D79DC}.Release|Any CPU.ActiveCfg = Release|Any CPU
		{90345CE5-0BD6-47D5-9287-5F13EE5D79DC}.Release|Any CPU.Build.0 = Release|Any CPU
		{F5C67CE7-9EE9-4C3B-9857-347186637A9D}.Debug|Any CPU.ActiveCfg = Debug|Any CPU
		{F5C67CE7-9EE9-4C3B-9857-347186637A9D}.Debug|Any CPU.Build.0 = Debug|Any CPU
		{F5C67CE7-9EE9-4C3B-9857-347186637A9D}.Release|Any CPU.ActiveCfg = Release|Any CPU
		{F5C67CE7-9EE9-4C3B-9857-347186637A9D}.Release|Any CPU.Build.0 = Release|Any CPU
	EndGlobalSection
	GlobalSection(SolutionProperties) = preSolution
		HideSolutionNode = FALSE
	EndGlobalSection
	GlobalSection(ExtensibilityGlobals) = postSolution
		SolutionGuid = {69793E12-381A-4C03-8229-AE8A9E94CDF1}
	EndGlobalSection
EndGlobal
